
Microsoft Visual Studio Solution File, Format Version 12.00
# Visual Studio Version 17
VisualStudioVersion = 17.6.33815.320
MinimumVisualStudioVersion = 10.0.40219.1
Project("{FAE04EC0-301F-11D3-BF4B-00C04F79EFBC}") = "WindowsFormsApp9", "WindowsFormsApp9\WindowsFormsApp9.csproj", "{AF50E77A-E2FC-4F3C-A0F1-807EF3E1EF77}"
EndProject
Global
	GlobalSection(SolutionConfigurationPlatforms) = preSolution
		Debug|Any CPU = Debug|Any CPU
		Release|Any CPU = Release|Any CPU
	EndGlobalSection
	GlobalSection(ProjectConfigurationPlatforms) = postSolution
		{AF50E77A-E2FC-4F3C-A0F1-807EF3E1EF77}.Debug|Any CPU.ActiveCfg = Debug|Any CPU
		{AF50E77A-E2FC-4F3C-A0F1-807EF3E1EF77}.Debug|Any CPU.Build.0 = Debug|Any CPU
		{AF50E77A-E2FC-4F3C-A0F1-807EF3E1EF77}.Release|Any CPU.ActiveCfg = Release|Any CPU
		{AF50E77A-E2FC-4F3C-A0F1-807EF3E1EF77}.Release|Any CPU.Build.0 = Release|Any CPU
	EndGlobalSection
	GlobalSection(SolutionProperties) = preSolution
		HideSolutionNode = FALSE
	EndGlobalSection
	GlobalSection(ExtensibilityGlobals) = postSolution
		SolutionGuid = {804FCA98-588D-4E2E-ACEF-84FB05582092}
	EndGlobalSection
EndGlobal
